PODS:
  - composeApp (1.0):
    - WebRTC-SDK (= 125.6422.06)
  - WebRTC-SDK (125.6422.06)

DEPENDENCIES:
  - composeApp (from `../composeApp`)

SPEC REPOS:
  trunk:
    - WebRTC-SDK

EXTERNAL SOURCES:
  composeApp:
    :path: "../composeApp"

SPEC CHECKSUMS:
  composeApp: c085a673c8bcf62fa780653e7dd5358b4940f6f1
  WebRTC-SDK: 79942c006ea64f6fb48d7da8a4786dfc820bc1db

PODFILE CHECKSUM: 93cb910915abe7895a05e1dca8ba57520db8947f

COCOAPODS: 1.15.2
