PODS:
  - GoogleWebRTC (1.1.27828)

DEPENDENCIES:
  - GoogleWebRTC (~> 1.1)

SPEC REPOS:
  https://github.com/CocoaPods/Specs.git:
    - GoogleWebRTC

SPEC CHECKSUMS:
  GoogleWebRTC: 55e46bee9ac2a4961542e9571bea589b64493f45

PODFILE CHECKSUM: 7d3964f14b9871f57f5d555dfaff6e811a79e743

COCOAPODS: 1.10.0
